
Microsoft Visual Studio Solution File, Format Version 12.00
# Visual Studio Version 17
VisualStudioVersion = 17.5.002.0
MinimumVisualStudioVersion = 10.0.40219.1
Project("{9A19103F-16F7-4668-BE54-9A1E7A4F7556}") = "CadastroProdutos", "CadastroProdutos.csproj", "{C3EDAC6C-A817-4E30-8A23-AB2D5E85EC4C}"
EndProject
Global
	GlobalSection(SolutionConfigurationPlatforms) = preSolution
		Debug|Any CPU = Debug|Any CPU
		Release|Any CPU = Release|Any CPU
	EndGlobalSection
	GlobalSection(ProjectConfigurationPlatforms) = postSolution
		{C3EDAC6C-A817-4E30-8A23-AB2D5E85EC4C}.Debug|Any CPU.ActiveCfg = Debug|Any CPU
		{C3EDAC6C-A817-4E30-8A23-AB2D5E85EC4C}.Debug|Any CPU.Build.0 = Debug|Any CPU
		{C3EDAC6C-A817-4E30-8A23-AB2D5E85EC4C}.Release|Any CPU.ActiveCfg = Release|Any CPU
		{C3EDAC6C-A817-4E30-8A23-AB2D5E85EC4C}.Release|Any CPU.Build.0 = Release|Any CPU
	EndGlobalSection
	GlobalSection(SolutionProperties) = preSolution
		HideSolutionNode = FALSE
	EndGlobalSection
	GlobalSection(ExtensibilityGlobals) = postSolution
		SolutionGuid = {7A7AA1D1-C262-4533-A674-A6B790E6A306}
	EndGlobalSection
EndGlobal
